// !$*UTF8*$!
{
	archiveVersion = 1;
	classes = {
	};
	objectVersion = 46;
	objects = {

/* Begin PBXBuildFile section */
		FC0F721F1BBC598D00E7DB69 /* Team.swift in Sources */ = {isa = PBXBuildFile; fileRef = FC0F721E1BBC598D00E7DB69 /* Team.swift */; };
		FC4B5AC61BC7F15700893EB6 /* TabBarController.swift in Sources */ = {isa = PBXBuildFile; fileRef = FC4B5AC51BC7F15700893EB6 /* TabBarController.swift */; };
		FC4B5AC81BC7F97400893EB6 /* RandoPicksController.swift in Sources */ = {isa = PBXBuildFile; fileRef = FC4B5AC71BC7F97400893EB6 /* RandoPicksController.swift */; };
		FC557F901BBCDE8A006FFEFD /* Pick.swift in Sources */ = {isa = PBXBuildFile; fileRef = FC557F8F1BBCDE8A006FFEFD /* Pick.swift */; };
		FC557F921BBD8B9C006FFEFD /* AddPickController.swift in Sources */ = {isa = PBXBuildFile; fileRef = FC557F911BBD8B9C006FFEFD /* AddPickController.swift */; };
		FC8134B51BBCA66200F95CA6 /* LoadingController.swift in Sources */ = {isa = PBXBuildFile; fileRef = FC8134B41BBCA66200F95CA6 /* LoadingController.swift */; };
		FC8134B71BBCB27800F95CA6 /* SegueIdentifier.swift in Sources */ = {isa = PBXBuildFile; fileRef = FC8134B61BBCB27800F95CA6 /* SegueIdentifier.swift */; };
		FC8134BA1BBCB30100F95CA6 /* UIViewController.swift in Sources */ = {isa = PBXBuildFile; fileRef = FC8134B91BBCB30100F95CA6 /* UIViewController.swift */; };
		FC8134BC1BBCB3AF00F95CA6 /* UIStoryboardSegue.swift in Sources */ = {isa = PBXBuildFile; fileRef = FC8134BB1BBCB3AF00F95CA6 /* UIStoryboardSegue.swift */; };
		FCB1D4221BB6E93A00F12402 /* Player.swift in Sources */ = {isa = PBXBuildFile; fileRef = FCB1D4211BB6E93A00F12402 /* Player.swift */; };
		FCB1D4241BB6E96900F12402 /* PlayerStore.swift in Sources */ = {isa = PBXBuildFile; fileRef = FCB1D4231BB6E96900F12402 /* PlayerStore.swift */; };
		FCB1D4261BB6ED3D00F12402 /* ApiRouter.swift in Sources */ = {isa = PBXBuildFile; fileRef = FCB1D4251BB6ED3D00F12402 /* ApiRouter.swift */; };
		FCB1D4281BB6ED5D00F12402 /* Request.swift in Sources */ = {isa = PBXBuildFile; fileRef = FCB1D4271BB6ED5D00F12402 /* Request.swift */; };
		FCB1D42A1BB6ED9F00F12402 /* Endpoint.swift in Sources */ = {isa = PBXBuildFile; fileRef = FCB1D4291BB6ED9F00F12402 /* Endpoint.swift */; };
		FCB1D42C1BB6EDBC00F12402 /* Response.swift in Sources */ = {isa = PBXBuildFile; fileRef = FCB1D42B1BB6EDBC00F12402 /* Response.swift */; };
		FCD19F321BC34721004241C1 /* PickBuilder.swift in Sources */ = {isa = PBXBuildFile; fileRef = FCD19F311BC34721004241C1 /* PickBuilder.swift */; };
		FCD19F361BC44C94004241C1 /* PlayerAttributes.swift in Sources */ = {isa = PBXBuildFile; fileRef = FCD19F351BC44C94004241C1 /* PlayerAttributes.swift */; };
		FCD19F381BC54E6B004241C1 /* PickAttributes.swift in Sources */ = {isa = PBXBuildFile; fileRef = FCD19F371BC54E6B004241C1 /* PickAttributes.swift */; };
		FCDCFABE1BBC57A400A9A94F /* TeamStore.swift in Sources */ = {isa = PBXBuildFile; fileRef = FCDCFABD1BBC57A400A9A94F /* TeamStore.swift */; };
		FCDE99321BC8390B00CC5B1C /* Rando.swift in Sources */ = {isa = PBXBuildFile; fileRef = FCDE99311BC8390B00CC5B1C /* Rando.swift */; };
		FCE35FAC1BADF540000590A8 /* AppDelegate.swift in Sources */ = {isa = PBXBuildFile; fileRef = FCE35FAB1BADF540000590A8 /* AppDelegate.swift */; };
		FCE35FB11BADF540000590A8 /* Main.storyboard in Resources */ = {isa = PBXBuildFile; fileRef = FCE35FAF1BADF540000590A8 /* Main.storyboard */; };
		FCE35FB31BADF540000590A8 /* Assets.xcassets in Resources */ = {isa = PBXBuildFile; fileRef = FCE35FB21BADF540000590A8 /* Assets.xcassets */; };
		FCE35FB61BADF540000590A8 /* LaunchScreen.storyboard in Resources */ = {isa = PBXBuildFile; fileRef = FCE35FB41BADF540000590A8 /* LaunchScreen.storyboard */; };
		FCE35FC11BADF540000590A8 /* PlayerStoreTests.swift in Sources */ = {isa = PBXBuildFile; fileRef = FCE35FC01BADF540000590A8 /* PlayerStoreTests.swift */; };
		FCE35FCC1BADF69C000590A8 /* PlayersController.swift in Sources */ = {isa = PBXBuildFile; fileRef = FCE35FCB1BADF69C000590A8 /* PlayersController.swift */; };
		FCE82DBA1BB6F1E700909C2C /* FakeRouter.swift in Sources */ = {isa = PBXBuildFile; fileRef = FCE82DB91BB6F1E700909C2C /* FakeRouter.swift */; };
		FCE82DBC1BB8467B00909C2C /* PicksController.swift in Sources */ = {isa = PBXBuildFile; fileRef = FCE82DBB1BB8467B00909C2C /* PicksController.swift */; };
/* End PBXBuildFile section */

/* Begin PBXContainerItemProxy section */
		FCE35FBD1BADF540000590A8 /* PBXContainerItemProxy */ = {
			isa = PBXContainerItemProxy;
			containerPortal = FCE35FA01BADF540000590A8 /* Project object */;
			proxyType = 1;
			remoteGlobalIDString = FCE35FA71BADF540000590A8;
			remoteInfo = RandoAdmin;
		};
/* End PBXContainerItemProxy section */

/* Begin PBXFileReference section */
		FC0F721E1BBC598D00E7DB69 /* Team.swift */ = {isa = PBXFileReference; fileEncoding = 4; lastKnownFileType = sourcecode.swift; path = Team.swift; sourceTree = "<group>"; };
		FC4B5AC51BC7F15700893EB6 /* TabBarController.swift */ = {isa = PBXFileReference; fileEncoding = 4; lastKnownFileType = sourcecode.swift; path = TabBarController.swift; sourceTree = "<group>"; };
		FC4B5AC71BC7F97400893EB6 /* RandoPicksController.swift */ = {isa = PBXFileReference; fileEncoding = 4; lastKnownFileType = sourcecode.swift; path = RandoPicksController.swift; sourceTree = "<group>"; };
		FC557F8F1BBCDE8A006FFEFD /* Pick.swift */ = {isa = PBXFileReference; fileEncoding = 4; lastKnownFileType = sourcecode.swift; path = Pick.swift; sourceTree = "<group>"; };
		FC557F911BBD8B9C006FFEFD /* AddPickController.swift */ = {isa = PBXFileReference; fileEncoding = 4; lastKnownFileType = sourcecode.swift; path = AddPickController.swift; sourceTree = "<group>"; };
		FC8134B41BBCA66200F95CA6 /* LoadingController.swift */ = {isa = PBXFileReference; fileEncoding = 4; lastKnownFileType = sourcecode.swift; path = LoadingController.swift; sourceTree = "<group>"; };
		FC8134B61BBCB27800F95CA6 /* SegueIdentifier.swift */ = {isa = PBXFileReference; fileEncoding = 4; lastKnownFileType = sourcecode.swift; path = SegueIdentifier.swift; sourceTree = "<group>"; };
		FC8134B91BBCB30100F95CA6 /* UIViewController.swift */ = {isa = PBXFileReference; fileEncoding = 4; lastKnownFileType = sourcecode.swift; path = UIViewController.swift; sourceTree = "<group>"; };
		FC8134BB1BBCB3AF00F95CA6 /* UIStoryboardSegue.swift */ = {isa = PBXFileReference; fileEncoding = 4; lastKnownFileType = sourcecode.swift; path = UIStoryboardSegue.swift; sourceTree = "<group>"; };
		FCB1D4211BB6E93A00F12402 /* Player.swift */ = {isa = PBXFileReference; fileEncoding = 4; lastKnownFileType = sourcecode.swift; path = Player.swift; sourceTree = "<group>"; };
		FCB1D4231BB6E96900F12402 /* PlayerStore.swift */ = {isa = PBXFileReference; fileEncoding = 4; lastKnownFileType = sourcecode.swift; path = PlayerStore.swift; sourceTree = "<group>"; };
		FCB1D4251BB6ED3D00F12402 /* ApiRouter.swift */ = {isa = PBXFileReference; fileEncoding = 4; lastKnownFileType = sourcecode.swift; path = ApiRouter.swift; sourceTree = "<group>"; };
		FCB1D4271BB6ED5D00F12402 /* Request.swift */ = {isa = PBXFileReference; fileEncoding = 4; lastKnownFileType = sourcecode.swift; path = Request.swift; sourceTree = "<group>"; };
		FCB1D4291BB6ED9F00F12402 /* Endpoint.swift */ = {isa = PBXFileReference; fileEncoding = 4; lastKnownFileType = sourcecode.swift; path = Endpoint.swift; sourceTree = "<group>"; };
		FCB1D42B1BB6EDBC00F12402 /* Response.swift */ = {isa = PBXFileReference; fileEncoding = 4; lastKnownFileType = sourcecode.swift; path = Response.swift; sourceTree = "<group>"; };
		FCD19F311BC34721004241C1 /* PickBuilder.swift */ = {isa = PBXFileReference; fileEncoding = 4; lastKnownFileType = sourcecode.swift; path = PickBuilder.swift; sourceTree = "<group>"; };
		FCD19F351BC44C94004241C1 /* PlayerAttributes.swift */ = {isa = PBXFileReference; fileEncoding = 4; lastKnownFileType = sourcecode.swift; path = PlayerAttributes.swift; sourceTree = "<group>"; };
		FCD19F371BC54E6B004241C1 /* PickAttributes.swift */ = {isa = PBXFileReference; fileEncoding = 4; lastKnownFileType = sourcecode.swift; path = PickAttributes.swift; sourceTree = "<group>"; };
		FCDCFABD1BBC57A400A9A94F /* TeamStore.swift */ = {isa = PBXFileReference; fileEncoding = 4; lastKnownFileType = sourcecode.swift; path = TeamStore.swift; sourceTree = "<group>"; };
		FCDE99311BC8390B00CC5B1C /* Rando.swift */ = {isa = PBXFileReference; fileEncoding = 4; lastKnownFileType = sourcecode.swift; path = Rando.swift; sourceTree = "<group>"; };
		FCE35FA81BADF540000590A8 /* RandoAdmin.app */ = {isa = PBXFileReference; explicitFileType = wrapper.application; includeInIndex = 0; path = RandoAdmin.app; sourceTree = BUILT_PRODUCTS_DIR; };
		FCE35FAB1BADF540000590A8 /* AppDelegate.swift */ = {isa = PBXFileReference; lastKnownFileType = sourcecode.swift; path = AppDelegate.swift; sourceTree = "<group>"; };
		FCE35FB01BADF540000590A8 /* Base */ = {isa = PBXFileReference; lastKnownFileType = file.storyboard; name = Base; path = Base.lproj/Main.storyboard; sourceTree = "<group>"; };
		FCE35FB21BADF540000590A8 /* Assets.xcassets */ = {isa = PBXFileReference; lastKnownFileType = folder.assetcatalog; path = Assets.xcassets; sourceTree = "<group>"; };
		FCE35FB51BADF540000590A8 /* Base */ = {isa = PBXFileReference; lastKnownFileType = file.storyboard; name = Base; path = Base.lproj/LaunchScreen.storyboard; sourceTree = "<group>"; };
		FCE35FB71BADF540000590A8 /* Info.plist */ = {isa = PBXFileReference; lastKnownFileType = text.plist.xml; path = Info.plist; sourceTree = "<group>"; };
		FCE35FBC1BADF540000590A8 /* RandoAdminTests.xctest */ = {isa = PBXFileReference; explicitFileType = wrapper.cfbundle; includeInIndex = 0; path = RandoAdminTests.xctest; sourceTree = BUILT_PRODUCTS_DIR; };
		FCE35FC01BADF540000590A8 /* PlayerStoreTests.swift */ = {isa = PBXFileReference; lastKnownFileType = sourcecode.swift; path = PlayerStoreTests.swift; sourceTree = "<group>"; };
		FCE35FC21BADF540000590A8 /* Info.plist */ = {isa = PBXFileReference; lastKnownFileType = text.plist.xml; path = Info.plist; sourceTree = "<group>"; };
		FCE35FCB1BADF69C000590A8 /* PlayersController.swift */ = {isa = PBXFileReference; fileEncoding = 4; lastKnownFileType = sourcecode.swift; path = PlayersController.swift; sourceTree = "<group>"; };
		FCE82DB91BB6F1E700909C2C /* FakeRouter.swift */ = {isa = PBXFileReference; fileEncoding = 4; lastKnownFileType = sourcecode.swift; path = FakeRouter.swift; sourceTree = "<group>"; };
		FCE82DBB1BB8467B00909C2C /* PicksController.swift */ = {isa = PBXFileReference; fileEncoding = 4; lastKnownFileType = sourcecode.swift; path = PicksController.swift; sourceTree = "<group>"; };
/* End PBXFileReference section */

/* Begin PBXFrameworksBuildPhase section */
		FCE35FA51BADF540000590A8 /* Frameworks */ = {
			isa = PBXFrameworksBuildPhase;
			buildActionMask = 2147483647;
			files = (
			);
			runOnlyForDeploymentPostprocessing = 0;
		};
		FCE35FB91BADF540000590A8 /* Frameworks */ = {
			isa = PBXFrameworksBuildPhase;
			buildActionMask = 2147483647;
			files = (
			);
			runOnlyForDeploymentPostprocessing = 0;
		};
/* End PBXFrameworksBuildPhase section */

/* Begin PBXGroup section */
		FC8134B81BBCB2E700F95CA6 /* Extensions */ = {
			isa = PBXGroup;
			children = (
				FC8134B91BBCB30100F95CA6 /* UIViewController.swift */,
				FC8134BB1BBCB3AF00F95CA6 /* UIStoryboardSegue.swift */,
			);
			name = Extensions;
			sourceTree = "<group>";
		};
		FCB1D41D1BB6E8D700F12402 /* Misc */ = {
			isa = PBXGroup;
			children = (
				FCE35FAB1BADF540000590A8 /* AppDelegate.swift */,
				FCE35FB21BADF540000590A8 /* Assets.xcassets */,
				FCE35FB71BADF540000590A8 /* Info.plist */,
				FC8134B61BBCB27800F95CA6 /* SegueIdentifier.swift */,
			);
			name = Misc;
			sourceTree = "<group>";
		};
		FCB1D41E1BB6E8F900F12402 /* Controllers */ = {
			isa = PBXGroup;
			children = (
				FC4B5AC51BC7F15700893EB6 /* TabBarController.swift */,
				FC4B5AC71BC7F97400893EB6 /* RandoPicksController.swift */,
				FC557F911BBD8B9C006FFEFD /* AddPickController.swift */,
				FC8134B41BBCA66200F95CA6 /* LoadingController.swift */,
				FCE82DBB1BB8467B00909C2C /* PicksController.swift */,
				FCE35FCB1BADF69C000590A8 /* PlayersController.swift */,
			);
			name = Controllers;
			sourceTree = "<group>";
		};
		FCB1D41F1BB6E90500F12402 /* Storyboards */ = {
			isa = PBXGroup;
			children = (
				FCE35FB41BADF540000590A8 /* LaunchScreen.storyboard */,
				FCE35FAF1BADF540000590A8 /* Main.storyboard */,
			);
			name = Storyboards;
			sourceTree = "<group>";
		};
		FCB1D4201BB6E91C00F12402 /* Models */ = {
			isa = PBXGroup;
			children = (
				FCDE99311BC8390B00CC5B1C /* Rando.swift */,
				FCD19F371BC54E6B004241C1 /* PickAttributes.swift */,
				FCD19F351BC44C94004241C1 /* PlayerAttributes.swift */,
				FCD19F311BC34721004241C1 /* PickBuilder.swift */,
				FC557F8F1BBCDE8A006FFEFD /* Pick.swift */,
				FC0F721E1BBC598D00E7DB69 /* Team.swift */,
				FCDCFABD1BBC57A400A9A94F /* TeamStore.swift */,
				FCB1D4251BB6ED3D00F12402 /* ApiRouter.swift */,
				FCB1D4291BB6ED9F00F12402 /* Endpoint.swift */,
				FCB1D4211BB6E93A00F12402 /* Player.swift */,
				FCB1D4231BB6E96900F12402 /* PlayerStore.swift */,
				FCB1D4271BB6ED5D00F12402 /* Request.swift */,
				FCB1D42B1BB6EDBC00F12402 /* Response.swift */,
			);
			name = Models;
			sourceTree = "<group>";
		};
		FCB1D42D1BB6EE2E00F12402 /* Support */ = {
			isa = PBXGroup;
			children = (
				FCE82DB91BB6F1E700909C2C /* FakeRouter.swift */,
				FCE35FC21BADF540000590A8 /* Info.plist */,
			);
			name = Support;
			sourceTree = "<group>";
		};
		FCB1D42E1BB6EE4100F12402 /* Models */ = {
			isa = PBXGroup;
			children = (
				FCE35FC01BADF540000590A8 /* PlayerStoreTests.swift */,
			);
			name = Models;
			sourceTree = "<group>";
		};
		FCE35F9F1BADF540000590A8 = {
			isa = PBXGroup;
			children = (
				FCE35FAA1BADF540000590A8 /* RandoAdmin */,
				FCE35FBF1BADF540000590A8 /* RandoAdminTests */,
				FCE35FA91BADF540000590A8 /* Products */,
			);
			sourceTree = "<group>";
		};
		FCE35FA91BADF540000590A8 /* Products */ = {
			isa = PBXGroup;
			children = (
				FCE35FA81BADF540000590A8 /* RandoAdmin.app */,
				FCE35FBC1BADF540000590A8 /* RandoAdminTests.xctest */,
			);
			name = Products;
			sourceTree = "<group>";
		};
		FCE35FAA1BADF540000590A8 /* RandoAdmin */ = {
			isa = PBXGroup;
			children = (
				FC8134B81BBCB2E700F95CA6 /* Extensions */,
				FCB1D4201BB6E91C00F12402 /* Models */,
				FCB1D41E1BB6E8F900F12402 /* Controllers */,
				FCB1D41F1BB6E90500F12402 /* Storyboards */,
				FCB1D41D1BB6E8D700F12402 /* Misc */,
			);
			path = RandoAdmin;
			sourceTree = "<group>";
		};
		FCE35FBF1BADF540000590A8 /* RandoAdminTests */ = {
			isa = PBXGroup;
			children = (
				FCB1D42E1BB6EE4100F12402 /* Models */,
				FCB1D42D1BB6EE2E00F12402 /* Support */,
			);
			path = RandoAdminTests;
			sourceTree = "<group>";
		};
/* End PBXGroup section */

/* Begin PBXNativeTarget section */
		FCE35FA71BADF540000590A8 /* RandoAdmin */ = {
			isa = PBXNativeTarget;
			buildConfigurationList = FCE35FC51BADF540000590A8 /* Build configuration list for PBXNativeTarget "RandoAdmin" */;
			buildPhases = (
				FCE35FA41BADF540000590A8 /* Sources */,
				FCE35FA51BADF540000590A8 /* Frameworks */,
				FCE35FA61BADF540000590A8 /* Resources */,
			);
			buildRules = (
			);
			dependencies = (
			);
			name = RandoAdmin;
			productName = RandoAdmin;
			productReference = FCE35FA81BADF540000590A8 /* RandoAdmin.app */;
			productType = "com.apple.product-type.application";
		};
		FCE35FBB1BADF540000590A8 /* RandoAdminTests */ = {
			isa = PBXNativeTarget;
			buildConfigurationList = FCE35FC81BADF540000590A8 /* Build configuration list for PBXNativeTarget "RandoAdminTests" */;
			buildPhases = (
				FCE35FB81BADF540000590A8 /* Sources */,
				FCE35FB91BADF540000590A8 /* Frameworks */,
				FCE35FBA1BADF540000590A8 /* Resources */,
			);
			buildRules = (
			);
			dependencies = (
				FCE35FBE1BADF540000590A8 /* PBXTargetDependency */,
			);
			name = RandoAdminTests;
			productName = RandoAdminTests;
			productReference = FCE35FBC1BADF540000590A8 /* RandoAdminTests.xctest */;
			productType = "com.apple.product-type.bundle.unit-test";
		};
/* End PBXNativeTarget section */

/* Begin PBXProject section */
		FCE35FA01BADF540000590A8 /* Project object */ = {
			isa = PBXProject;
			attributes = {
				LastUpgradeCheck = 0700;
				ORGANIZATIONNAME = "Jon Allured";
				TargetAttributes = {
					FCE35FA71BADF540000590A8 = {
						CreatedOnToolsVersion = 7.0;
					};
					FCE35FBB1BADF540000590A8 = {
						CreatedOnToolsVersion = 7.0;
						TestTargetID = FCE35FA71BADF540000590A8;
					};
				};
			};
			buildConfigurationList = FCE35FA31BADF540000590A8 /* Build configuration list for PBXProject "RandoAdmin" */;
			compatibilityVersion = "Xcode 3.2";
			developmentRegion = English;
			hasScannedForEncodings = 0;
			knownRegions = (
				en,
				Base,
			);
			mainGroup = FCE35F9F1BADF540000590A8;
			productRefGroup = FCE35FA91BADF540000590A8 /* Products */;
			projectDirPath = "";
			projectRoot = "";
			targets = (
				FCE35FA71BADF540000590A8 /* RandoAdmin */,
				FCE35FBB1BADF540000590A8 /* RandoAdminTests */,
			);
		};
/* End PBXProject section */

/* Begin PBXResourcesBuildPhase section */
		FCE35FA61BADF540000590A8 /* Resources */ = {
			isa = PBXResourcesBuildPhase;
			buildActionMask = 2147483647;
			files = (
				FCE35FB61BADF540000590A8 /* LaunchScreen.storyboard in Resources */,
				FCE35FB31BADF540000590A8 /* Assets.xcassets in Resources */,
				FCE35FB11BADF540000590A8 /* Main.storyboard in Resources */,
			);
			runOnlyForDeploymentPostprocessing = 0;
		};
		FCE35FBA1BADF540000590A8 /* Resources */ = {
			isa = PBXResourcesBuildPhase;
			buildActionMask = 2147483647;
			files = (
			);
			runOnlyForDeploymentPostprocessing = 0;
		};
/* End PBXResourcesBuildPhase section */

/* Begin PBXSourcesBuildPhase section */
		FCE35FA41BADF540000590A8 /* Sources */ = {
			isa = PBXSourcesBuildPhase;
			buildActionMask = 2147483647;
			files = (
				FCB1D42C1BB6EDBC00F12402 /* Response.swift in Sources */,
				FCE82DBC1BB8467B00909C2C /* PicksController.swift in Sources */,
				FCB1D42A1BB6ED9F00F12402 /* Endpoint.swift in Sources */,
				FC4B5AC81BC7F97400893EB6 /* RandoPicksController.swift in Sources */,
				FC8134B71BBCB27800F95CA6 /* SegueIdentifier.swift in Sources */,
				FC8134BA1BBCB30100F95CA6 /* UIViewController.swift in Sources */,
				FCE35FCC1BADF69C000590A8 /* PlayersController.swift in Sources */,
				FC8134B51BBCA66200F95CA6 /* LoadingController.swift in Sources */,
				FC8134BC1BBCB3AF00F95CA6 /* UIStoryboardSegue.swift in Sources */,
				FCD19F321BC34721004241C1 /* PickBuilder.swift in Sources */,
				FCDE99321BC8390B00CC5B1C /* Rando.swift in Sources */,
				FCDCFABE1BBC57A400A9A94F /* TeamStore.swift in Sources */,
				FCB1D4281BB6ED5D00F12402 /* Request.swift in Sources */,
				FCB1D4221BB6E93A00F12402 /* Player.swift in Sources */,
				FCD19F361BC44C94004241C1 /* PlayerAttributes.swift in Sources */,
				FCB1D4261BB6ED3D00F12402 /* ApiRouter.swift in Sources */,
				FC557F921BBD8B9C006FFEFD /* AddPickController.swift in Sources */,
				FC557F901BBCDE8A006FFEFD /* Pick.swift in Sources */,
				FCB1D4241BB6E96900F12402 /* PlayerStore.swift in Sources */,
				FC0F721F1BBC598D00E7DB69 /* Team.swift in Sources */,
				FC4B5AC61BC7F15700893EB6 /* TabBarController.swift in Sources */,
				FCD19F381BC54E6B004241C1 /* PickAttributes.swift in Sources */,
				FCE35FAC1BADF540000590A8 /* AppDelegate.swift in Sources */,
			);
			runOnlyForDeploymentPostprocessing = 0;
		};
		FCE35FB81BADF540000590A8 /* Sources */ = {
			isa = PBXSourcesBuildPhase;
			buildActionMask = 2147483647;
			files = (
				FCE35FC11BADF540000590A8 /* PlayerStoreTests.swift in Sources */,
				FCE82DBA1BB6F1E700909C2C /* FakeRouter.swift in Sources */,
			);
			runOnlyForDeploymentPostprocessing = 0;
		};
/* End PBXSourcesBuildPhase section */

/* Begin PBXTargetDependency section */
		FCE35FBE1BADF540000590A8 /* PBXTargetDependency */ = {
			isa = PBXTargetDependency;
			target = FCE35FA71BADF540000590A8 /* RandoAdmin */;
			targetProxy = FCE35FBD1BADF540000590A8 /* PBXContainerItemProxy */;
		};
/* End PBXTargetDependency section */

/* Begin PBXVariantGroup section */
		FCE35FAF1BADF540000590A8 /* Main.storyboard */ = {
			isa = PBXVariantGroup;
			children = (
				FCE35FB01BADF540000590A8 /* Base */,
			);
			name = Main.storyboard;
			sourceTree = "<group>";
		};
		FCE35FB41BADF540000590A8 /* LaunchScreen.storyboard */ = {
			isa = PBXVariantGroup;
			children = (
				FCE35FB51BADF540000590A8 /* Base */,
			);
			name = LaunchScreen.storyboard;
			sourceTree = "<group>";
		};
/* End PBXVariantGroup section */

/* Begin XCBuildConfiguration section */
		FCE35FC31BADF540000590A8 /* Debug */ = {
			isa = XCBuildConfiguration;
			buildSettings = {
				ALWAYS_SEARCH_USER_PATHS = NO;
				CLANG_CXX_LANGUAGE_STANDARD = "gnu++0x";
				CLANG_CXX_LIBRARY = "libc++";
				CLANG_ENABLE_MODULES = YES;
				CLANG_ENABLE_OBJC_ARC = YES;
				CLANG_WARN_BOOL_CONVERSION = YES;
				CLANG_WARN_CONSTANT_CONVERSION = YES;
				CLANG_WARN_DIRECT_OBJC_ISA_USAGE = YES_ERROR;
				CLANG_WARN_EMPTY_BODY = YES;
				CLANG_WARN_ENUM_CONVERSION = YES;
				CLANG_WARN_INT_CONVERSION = YES;
				CLANG_WARN_OBJC_ROOT_CLASS = YES_ERROR;
				CLANG_WARN_UNREACHABLE_CODE = YES;
				CLANG_WARN__DUPLICATE_METHOD_MATCH = YES;
				"CODE_SIGN_IDENTITY[sdk=iphoneos*]" = "iPhone Developer";
				COPY_PHASE_STRIP = NO;
				DEBUG_INFORMATION_FORMAT = dwarf;
				ENABLE_STRICT_OBJC_MSGSEND = YES;
				ENABLE_TESTABILITY = YES;
				GCC_C_LANGUAGE_STANDARD = gnu99;
				GCC_DYNAMIC_NO_PIC = NO;
				GCC_NO_COMMON_BLOCKS = YES;
				GCC_OPTIMIZATION_LEVEL = 0;
				GCC_PREPROCESSOR_DEFINITIONS = (
					"DEBUG=1",
					"$(inherited)",
				);
				GCC_WARN_64_TO_32_BIT_CONVERSION = YES;
				GCC_WARN_ABOUT_RETURN_TYPE = YES_ERROR;
				GCC_WARN_UNDECLARED_SELECTOR = YES;
				GCC_WARN_UNINITIALIZED_AUTOS = YES_AGGRESSIVE;
				GCC_WARN_UNUSED_FUNCTION = YES;
				GCC_WARN_UNUSED_VARIABLE = YES;
				IPHONEOS_DEPLOYMENT_TARGET = 9.0;
				MTL_ENABLE_DEBUG_INFO = YES;
				ONLY_ACTIVE_ARCH = YES;
				SDKROOT = iphoneos;
				SWIFT_OPTIMIZATION_LEVEL = "-Onone";
			};
			name = Debug;
		};
		FCE35FC41BADF540000590A8 /* Release */ = {
			isa = XCBuildConfiguration;
			buildSettings = {
				ALWAYS_SEARCH_USER_PATHS = NO;
				CLANG_CXX_LANGUAGE_STANDARD = "gnu++0x";
				CLANG_CXX_LIBRARY = "libc++";
				CLANG_ENABLE_MODULES = YES;
				CLANG_ENABLE_OBJC_ARC = YES;
				CLANG_WARN_BOOL_CONVERSION = YES;
				CLANG_WARN_CONSTANT_CONVERSION = YES;
				CLANG_WARN_DIRECT_OBJC_ISA_USAGE = YES_ERROR;
				CLANG_WARN_EMPTY_BODY = YES;
				CLANG_WARN_ENUM_CONVERSION = YES;
				CLANG_WARN_INT_CONVERSION = YES;
				CLANG_WARN_OBJC_ROOT_CLASS = YES_ERROR;
				CLANG_WARN_UNREACHABLE_CODE = YES;
				CLANG_WARN__DUPLICATE_METHOD_MATCH = YES;
				"CODE_SIGN_IDENTITY[sdk=iphoneos*]" = "iPhone Developer";
				COPY_PHASE_STRIP = NO;
				DEBUG_INFORMATION_FORMAT = "dwarf-with-dsym";
				ENABLE_NS_ASSERTIONS = NO;
				ENABLE_STRICT_OBJC_MSGSEND = YES;
				GCC_C_LANGUAGE_STANDARD = gnu99;
				GCC_NO_COMMON_BLOCKS = YES;
				GCC_WARN_64_TO_32_BIT_CONVERSION = YES;
				GCC_WARN_ABOUT_RETURN_TYPE = YES_ERROR;
				GCC_WARN_UNDECLARED_SELECTOR = YES;
				GCC_WARN_UNINITIALIZED_AUTOS = YES_AGGRESSIVE;
				GCC_WARN_UNUSED_FUNCTION = YES;
				GCC_WARN_UNUSED_VARIABLE = YES;
				IPHONEOS_DEPLOYMENT_TARGET = 9.0;
				MTL_ENABLE_DEBUG_INFO = NO;
				SDKROOT = iphoneos;
				VALIDATE_PRODUCT = YES;
			};
			name = Release;
		};
		FCE35FC61BADF540000590A8 /* Debug */ = {
			isa = XCBuildConfiguration;
			buildSettings = {
				ASSETCATALOG_COMPILER_APPICON_NAME = AppIcon;
				INFOPLIST_FILE = RandoAdmin/Info.plist;
				LD_RUNPATH_SEARCH_PATHS = "$(inherited) @executable_path/Frameworks";
				PRODUCT_BUNDLE_IDENTIFIER = com.jonallured.RandoAdmin;
				PRODUCT_NAME = "$(TARGET_NAME)";
			};
			name = Debug;
		};
		FCE35FC71BADF540000590A8 /* Release */ = {
			isa = XCBuildConfiguration;
			buildSettings = {
				ASSETCATALOG_COMPILER_APPICON_NAME = AppIcon;
				INFOPLIST_FILE = RandoAdmin/Info.plist;
				LD_RUNPATH_SEARCH_PATHS = "$(inherited) @executable_path/Frameworks";
				PRODUCT_BUNDLE_IDENTIFIER = com.jonallured.RandoAdmin;
				PRODUCT_NAME = "$(TARGET_NAME)";
			};
			name = Release;
		};
		FCE35FC91BADF540000590A8 /* Debug */ = {
			isa = XCBuildConfiguration;
			buildSettings = {
				BUNDLE_LOADER = "$(TEST_HOST)";
				INFOPLIST_FILE = RandoAdminTests/Info.plist;
				LD_RUNPATH_SEARCH_PATHS = "$(inherited) @executable_path/Frameworks @loader_path/Frameworks";
				PRODUCT_BUNDLE_IDENTIFIER = com.jonallured.RandoAdminTests;
				PRODUCT_NAME = "$(TARGET_NAME)";
				TEST_HOST = "$(BUILT_PRODUCTS_DIR)/RandoAdmin.app/RandoAdmin";
			};
			name = Debug;
		};
		FCE35FCA1BADF540000590A8 /* Release */ = {
			isa = XCBuildConfiguration;
			buildSettings = {
				BUNDLE_LOADER = "$(TEST_HOST)";
				INFOPLIST_FILE = RandoAdminTests/Info.plist;
				LD_RUNPATH_SEARCH_PATHS = "$(inherited) @executable_path/Frameworks @loader_path/Frameworks";
				PRODUCT_BUNDLE_IDENTIFIER = com.jonallured.RandoAdminTests;
				PRODUCT_NAME = "$(TARGET_NAME)";
				TEST_HOST = "$(BUILT_PRODUCTS_DIR)/RandoAdmin.app/RandoAdmin";
			};
			name = Release;
		};
/* End XCBuildConfiguration section */

/* Begin XCConfigurationList section */
		FCE35FA31BADF540000590A8 /* Build configuration list for PBXProject "RandoAdmin" */ = {
			isa = XCConfigurationList;
			buildConfigurations = (
				FCE35FC31BADF540000590A8 /* Debug */,
				FCE35FC41BADF540000590A8 /* Release */,
			);
			defaultConfigurationIsVisible = 0;
			defaultConfigurationName = Release;
		};
		FCE35FC51BADF540000590A8 /* Build configuration list for PBXNativeTarget "RandoAdmin" */ = {
			isa = XCConfigurationList;
			buildConfigurations = (
				FCE35FC61BADF540000590A8 /* Debug */,
				FCE35FC71BADF540000590A8 /* Release */,
			);
			defaultConfigurationIsVisible = 0;
			defaultConfigurationName = Release;
		};
		FCE35FC81BADF540000590A8 /* Build configuration list for PBXNativeTarget "RandoAdminTests" */ = {
			isa = XCConfigurationList;
			buildConfigurations = (
				FCE35FC91BADF540000590A8 /* Debug */,
				FCE35FCA1BADF540000590A8 /* Release */,
			);
			defaultConfigurationIsVisible = 0;
			defaultConfigurationName = Release;
		};
/* End XCConfigurationList section */
	};
	rootObject = FCE35FA01BADF540000590A8 /* Project object */;
}
